schema: '2.0'
stages:
  preprocessing_data:
    cmd: python src/preprocessing_data.py
    deps:
    - path: data/rows/01_dataset.csv
      hash: md5
      md5: ef27b954e202ee54688722eecb5831b2
      size: 100188
    - path: src/preprocessing_data.py
      hash: md5
      md5: 6200d2c0a9339fb5d1b12853f24f5650
      size: 3830
    outs:
    - path: data/processed/test_df_x.csv
      hash: md5
      md5: 976210e4a1494ac5fcf3c0e17c6adeff
      size: 17491
    - path: data/processed/test_df_y.csv
      hash: md5
      md5: 4bc57bd4eb421c455b4a1749914380d1
      size: 2390
    - path: data/processed/train_df_x.csv
      hash: md5
      md5: a87ad7aef918280caa03ef10bf353289
      size: 98754
    - path: data/processed/train_df_y.csv
      hash: md5
      md5: 9b56235e32c16287ad3fe07c54fb6009
      size: 13513
  training_model:
    cmd: python src\training_model.py
    deps:
    - path: data\processed\train_df_x.csv
      hash: md5
      md5: a87ad7aef918280caa03ef10bf353289
      size: 98754
    - path: data\processed\train_df_y.csv
      hash: md5
      md5: 9b56235e32c16287ad3fe07c54fb6009
      size: 13513
    outs:
    - path: models/mon_modele_elasticnet.joblib
      hash: md5
      md5: f1e1c7df478660d4e7d106fc784920ac
      size: 1071
